
Microsoft Visual Studio Solution File, Format Version 12.00
# Visual Studio Version 16
VisualStudioVersion = 16.0.33214.272
MinimumVisualStudioVersion = 10.0.40219.1
Project("{FAE04EC0-301F-11D3-BF4B-00C04F79EFBC}") = "Challenge6", "Challenge6\Challenge6.csproj", "{249B08D8-77D1-4168-AFA9-57654E660A46}"
EndProject
Global
	GlobalSection(SolutionConfigurationPlatforms) = preSolution
		Debug|Any CPU = Debug|Any CPU
		Release|Any CPU = Release|Any CPU
	EndGlobalSection
	GlobalSection(ProjectConfigurationPlatforms) = postSolution
		{249B08D8-77D1-4168-AFA9-57654E660A46}.Debug|Any CPU.ActiveCfg = Debug|Any CPU
		{249B08D8-77D1-4168-AFA9-57654E660A46}.Debug|Any CPU.Build.0 = Debug|Any CPU
		{249B08D8-77D1-4168-AFA9-57654E660A46}.Release|Any CPU.ActiveCfg = Release|Any CPU
		{249B08D8-77D1-4168-AFA9-57654E660A46}.Release|Any CPU.Build.0 = Release|Any CPU
	EndGlobalSection
	GlobalSection(SolutionProperties) = preSolution
		HideSolutionNode = FALSE
	EndGlobalSection
	GlobalSection(ExtensibilityGlobals) = postSolution
		SolutionGuid = {103CAF4C-7290-4D35-9BCC-4D3FE844DB68}
	EndGlobalSection
EndGlobal
